// !$*UTF8*$!
{
	archiveVersion = 1;
	classes = {
	};
	objectVersion = 77;
	objects = {

/* Begin PBXBuildFile section */
		3AD4E8702F8EE9C500BBD1D9 /* FirebaseDatabase in Frameworks */ = {isa = PBXBuildFile; productRef = 3AD4E86F2F8EE9C500BBD1D9 /* FirebaseDatabase */; };
		3AD97F362F78A0B600C56A39 /* FirebaseAuth in Frameworks */ = {isa = PBXBuildFile; productRef = 3AD97F352F78A0B600C56A39 /* FirebaseAuth */; };
		3AD97F382F78A0B600C56A39 /* FirebaseFirestore in Frameworks */ = {isa = PBXBuildFile; productRef = 3AD97F372F78A0B600C56A39 /* FirebaseFirestore */; };
		3AD97F3A2F78A0B600C56A39 /* FirebaseStorage in Frameworks */ = {isa = PBXBuildFile; productRef = 3AD97F392F78A0B600C56A39 /* FirebaseStorage */; };
		3AE1F0012FA5A00000C56A39 /* FirebaseFunctions in Frameworks */ = {isa = PBXBuildFile; productRef = 3AE1F0002FA5A00000C56A39 /* FirebaseFunctions */; };
		3AE1F0032FA5A00000C56A39 /* FirebaseMessaging in Frameworks */ = {isa = PBXBuildFile; productRef = 3AE1F0022FA5A00000C56A39 /* FirebaseMessaging */; };
		3AF1A0042FAA000100D1E001 /* FirebaseAnalytics in Frameworks */ = {isa = PBXBuildFile; productRef = 3AF1A0032FAA000100D1E001 /* FirebaseAnalytics */; };
		3AF1A0062FAA000100D1E001 /* FirebaseCrashlytics in Frameworks */ = {isa = PBXBuildFile; productRef = 3AF1A0052FAA000100D1E001 /* FirebaseCrashlytics */; };
		3AF1A0082FAB000100D1E001 /* FirebasePerformance in Frameworks */ = {isa = PBXBuildFile; productRef = 3AF1A0072FAB000100D1E001 /* FirebasePerformance */; };
/* End PBXBuildFile section */

/* Begin PBXContainerItemProxy section */
		3A1E75CD2F787EB500A2237A /* PBXContainerItemProxy */ = {
			isa = PBXContainerItemProxy;
			containerPortal = 3A1E75B72F787EB400A2237A /* Project object */;
			proxyType = 1;
			remoteGlobalIDString = 3A1E75BE2F787EB400A2237A;
			remoteInfo = PingIt;
		};
		3A1E75D72F787EB500A2237A /* PBXContainerItemProxy */ = {
			isa = PBXContainerItemProxy;
			containerPortal = 3A1E75B72F787EB400A2237A /* Project object */;
			proxyType = 1;
			remoteGlobalIDString = 3A1E75BE2F787EB400A2237A;
			remoteInfo = PingIt;
		};
/* End PBXContainerItemProxy section */

/* Begin PBXFileReference section */
		3A1E75BF2F787EB400A2237A /* PingIt.app */ = {isa = PBXFileReference; explicitFileType = wrapper.application; includeInIndex = 0; path = PingIt.app; sourceTree = BUILT_PRODUCTS_DIR; };
		3A1E75CC2F787EB500A2237A /* PingItTests.xctest */ = {isa = PBXFileReference; explicitFileType = wrapper.cfbundle; includeInIndex = 0; path = PingItTests.xctest; sourceTree = BUILT_PRODUCTS_DIR; };
		3A1E75D62F787EB500A2237A /* PingItUITests.xctest */ = {isa = PBXFileReference; explicitFileType = wrapper.cfbundle; includeInIndex = 0; path = PingItUITests.xctest; sourceTree = BUILT_PRODUCTS_DIR; };
/* End PBXFileReference section */

/* Begin PBXFileSystemSynchronizedBuildFileExceptionSet section */
		3AD97F482F78A27700C56A39 /* Exceptions for "PingIt" folder in "PingIt" target */ = {
			isa = PBXFileSystemSynchronizedBuildFileExceptionSet;
			membershipExceptions = (
				Info.plist,
			);
			target = 3A1E75BE2F787EB400A2237A /* PingIt */;
		};
/* End PBXFileSystemSynchronizedBuildFileExceptionSet section */

/* Begin PBXFileSystemSynchronizedRootGroup section */
		3A1E75C12F787EB400A2237A /* PingIt */ = {
			isa = PBXFileSystemSynchronizedRootGroup;
			exceptions = (
				3AD97F482F78A27700C56A39 /* Exceptions for "PingIt" folder in "PingIt" target */,
			);
			path = PingIt;
			sourceTree = "<group>";
		};
		3A1E75CF2F787EB500A2237A /* PingItTests */ = {
			isa = PBXFileSystemSynchronizedRootGroup;
			path = PingItTests;
			sourceTree = "<group>";
		};
		3A1E75D92F787EB500A2237A /* PingItUITests */ = {
			isa = PBXFileSystemSynchronizedRootGroup;
			path = PingItUITests;
			sourceTree = "<group>";
		};
/* End PBXFileSystemSynchronizedRootGroup section */

/* Begin PBXFrameworksBuildPhase section */
		3A1E75BC2F787EB400A2237A /* Frameworks */ = {
			isa = PBXFrameworksBuildPhase;
			buildActionMask = 2147483647;
			files = (
				3AD97F362F78A0B600C56A39 /* FirebaseAuth in Frameworks */,
				3AD97F382F78A0B600C56A39 /* FirebaseFirestore in Frameworks */,
				3AD4E8702F8EE9C500BBD1D9 /* FirebaseDatabase in Frameworks */,
				3AD97F3A2F78A0B600C56A39 /* FirebaseStorage in Frameworks */,
				3AE1F0012FA5A00000C56A39 /* FirebaseFunctions in Frameworks */,
				3AE1F0032FA5A00000C56A39 /* FirebaseMessaging in Frameworks */,
				3AF1A0042FAA000100D1E001 /* FirebaseAnalytics in Frameworks */,
				3AF1A0062FAA000100D1E001 /* FirebaseCrashlytics in Frameworks */,
				3AF1A0082FAB000100D1E001 /* FirebasePerformance in Frameworks */,
			);
			runOnlyForDeploymentPostprocessing = 0;
		};
		3A1E75C92F787EB500A2237A /* Frameworks */ = {
			isa = PBXFrameworksBuildPhase;
			buildActionMask = 2147483647;
			files = (
			);
			runOnlyForDeploymentPostprocessing = 0;
		};
		3A1E75D32F787EB500A2237A /* Frameworks */ = {
			isa = PBXFrameworksBuildPhase;
			buildActionMask = 2147483647;
			files = (
			);
			runOnlyForDeploymentPostprocessing = 0;
		};
/* End PBXFrameworksBuildPhase section */

/* Begin PBXGroup section */
		3A1E75B62F787EB400A2237A = {
			isa = PBXGroup;
			children = (
				3A1E75C12F787EB400A2237A /* PingIt */,
				3A1E75CF2F787EB500A2237A /* PingItTests */,
				3A1E75D92F787EB500A2237A /* PingItUITests */,
				3AD4E86A2F8EE8B000BBD1D9 /* Frameworks */,
				3A1E75C02F787EB400A2237A /* Products */,
			);
			sourceTree = "<group>";
		};
		3A1E75C02F787EB400A2237A /* Products */ = {
			isa = PBXGroup;
			children = (
				3A1E75BF2F787EB400A2237A /* PingIt.app */,
				3A1E75CC2F787EB500A2237A /* PingItTests.xctest */,
				3A1E75D62F787EB500A2237A /* PingItUITests.xctest */,
			);
			name = Products;
			sourceTree = "<group>";
		};
		3AD4E86A2F8EE8B000BBD1D9 /* Frameworks */ = {
			isa = PBXGroup;
			children = (
			);
			name = Frameworks;
			sourceTree = "<group>";
		};
/* End PBXGroup section */

/* Begin PBXNativeTarget section */
		3A1E75BE2F787EB400A2237A /* PingIt */ = {
			isa = PBXNativeTarget;
			buildConfigurationList = 3A1E75E02F787EB500A2237A /* Build configuration list for PBXNativeTarget "PingIt" */;
			buildPhases = (
				3A1E75BB2F787EB400A2237A /* Sources */,
				3A1E75BC2F787EB400A2237A /* Frameworks */,
				3A1E75BD2F787EB400A2237A /* Resources */,
			);
			buildRules = (
			);
			dependencies = (
			);
			fileSystemSynchronizedGroups = (
				3A1E75C12F787EB400A2237A /* PingIt */,
			);
			name = PingIt;
			packageProductDependencies = (
				3AD97F352F78A0B600C56A39 /* FirebaseAuth */,
				3AD97F372F78A0B600C56A39 /* FirebaseFirestore */,
				3AD97F392F78A0B600C56A39 /* FirebaseStorage */,
				3AD4E86F2F8EE9C500BBD1D9 /* FirebaseDatabase */,
				3AE1F0002FA5A00000C56A39 /* FirebaseFunctions */,
				3AE1F0022FA5A00000C56A39 /* FirebaseMessaging */,
				3AF1A0032FAA000100D1E001 /* FirebaseAnalytics */,
				3AF1A0052FAA000100D1E001 /* FirebaseCrashlytics */,
				3AF1A0072FAB000100D1E001 /* FirebasePerformance */,
			);
			productName = PingIt;
			productReference = 3A1E75BF2F787EB400A2237A /* PingIt.app */;
			productType = "com.apple.product-type.application";
		};
		3A1E75CB2F787EB500A2237A /* PingItTests */ = {
			isa = PBXNativeTarget;
			buildConfigurationList = 3A1E75E32F787EB500A2237A /* Build configuration list for PBXNativeTarget "PingItTests" */;
			buildPhases = (
				3A1E75C82F787EB500A2237A /* Sources */,
				3A1E75C92F787EB500A2237A /* Frameworks */,
				3A1E75CA2F787EB500A2237A /* Resources */,
			);
			buildRules = (
			);
			dependencies = (
				3A1E75CE2F787EB500A2237A /* PBXTargetDependency */,
			);
			fileSystemSynchronizedGroups = (
				3A1E75CF2F787EB500A2237A /* PingItTests */,
			);
			name = PingItTests;
			packageProductDependencies = (
			);
			productName = PingItTests;
			productReference = 3A1E75CC2F787EB500A2237A /* PingItTests.xctest */;
			productType = "com.apple.product-type.bundle.unit-test";
		};
		3A1E75D52F787EB500A2237A /* PingItUITests */ = {
			isa = PBXNativeTarget;
			buildConfigurationList = 3A1E75E62F787EB500A2237A /* Build configuration list for PBXNativeTarget "PingItUITests" */;
			buildPhases = (
				3A1E75D22F787EB500A2237A /* Sources */,
				3A1E75D32F787EB500A2237A /* Frameworks */,
				3A1E75D42F787EB500A2237A /* Resources */,
			);
			buildRules = (
			);
			dependencies = (
				3A1E75D82F787EB500A2237A /* PBXTargetDependency */,
			);
			fileSystemSynchronizedGroups = (
				3A1E75D92F787EB500A2237A /* PingItUITests */,
			);
			name = PingItUITests;
			packageProductDependencies = (
			);
			productName = PingItUITests;
			productReference = 3A1E75D62F787EB500A2237A /* PingItUITests.xctest */;
			productType = "com.apple.product-type.bundle.ui-testing";
		};
/* End PBXNativeTarget section */

/* Begin PBXProject section */
		3A1E75B72F787EB400A2237A /* Project object */ = {
			isa = PBXProject;
			attributes = {
				BuildIndependentTargetsInParallel = 1;
				LastSwiftUpdateCheck = 2630;
				LastUpgradeCheck = 2630;
				TargetAttributes = {
					3A1E75BE2F787EB400A2237A = {
						CreatedOnToolsVersion = 26.3;
					};
					3A1E75CB2F787EB500A2237A = {
						CreatedOnToolsVersion = 26.3;
						TestTargetID = 3A1E75BE2F787EB400A2237A;
					};
					3A1E75D52F787EB500A2237A = {
						CreatedOnToolsVersion = 26.3;
						TestTargetID = 3A1E75BE2F787EB400A2237A;
					};
				};
			};
			buildConfigurationList = 3A1E75BA2F787EB400A2237A /* Build configuration list for PBXProject "PingIt" */;
			developmentRegion = en;
			hasScannedForEncodings = 0;
			knownRegions = (
				en,
				Base,
			);
			mainGroup = 3A1E75B62F787EB400A2237A;
			minimizedProjectReferenceProxies = 1;
			packageReferences = (
				3AD97F342F78A0B600C56A39 /* XCRemoteSwiftPackageReference "firebase-ios-sdk" */,
			);
			preferredProjectObjectVersion = 77;
			productRefGroup = 3A1E75C02F787EB400A2237A /* Products */;
			projectDirPath = "";
			projectRoot = "";
			targets = (
				3A1E75BE2F787EB400A2237A /* PingIt */,
				3A1E75CB2F787EB500A2237A /* PingItTests */,
				3A1E75D52F787EB500A2237A /* PingItUITests */,
			);
		};
/* End PBXProject section */

/* Begin PBXResourcesBuildPhase section */
		3A1E75BD2F787EB400A2237A /* Resources */ = {
			isa = PBXResourcesBuildPhase;
			buildActionMask = 2147483647;
			files = (
			);
			runOnlyForDeploymentPostprocessing = 0;
		};
		3A1E75CA2F787EB500A2237A /* Resources */ = {
			isa = PBXResourcesBuildPhase;
			buildActionMask = 2147483647;
			files = (
			);
			runOnlyForDeploymentPostprocessing = 0;
		};
		3A1E75D42F787EB500A2237A /* Resources */ = {
			isa = PBXResourcesBuildPhase;
			buildActionMask = 2147483647;
			files = (
			);
			runOnlyForDeploymentPostprocessing = 0;
		};
/* End PBXResourcesBuildPhase section */

/* Begin PBXSourcesBuildPhase section */
		3A1E75BB2F787EB400A2237A /* Sources */ = {
			isa = PBXSourcesBuildPhase;
			buildActionMask = 2147483647;
			files = (
			);
			runOnlyForDeploymentPostprocessing = 0;
		};
		3A1E75C82F787EB500A2237A /* Sources */ = {
			isa = PBXSourcesBuildPhase;
			buildActionMask = 2147483647;
			files = (
			);
			runOnlyForDeploymentPostprocessing = 0;
		};
		3A1E75D22F787EB500A2237A /* Sources */ = {
			isa = PBXSourcesBuildPhase;
			buildActionMask = 2147483647;
			files = (
			);
			runOnlyForDeploymentPostprocessing = 0;
		};
/* End PBXSourcesBuildPhase section */

/* Begin PBXTargetDependency section */
		3A1E75CE2F787EB500A2237A /* PBXTargetDependency */ = {
			isa = PBXTargetDependency;
			target = 3A1E75BE2F787EB400A2237A /* PingIt */;
			targetProxy = 3A1E75CD2F787EB500A2237A /* PBXContainerItemProxy */;
		};
		3A1E75D82F787EB500A2237A /* PBXTargetDependency */ = {
			isa = PBXTargetDependency;
			target = 3A1E75BE2F787EB400A2237A /* PingIt */;
			targetProxy = 3A1E75D72F787EB500A2237A /* PBXContainerItemProxy */;
		};
/* End PBXTargetDependency section */

/* Begin XCBuildConfiguration section */
		3A1E75DE2F787EB500A2237A /* Debug */ = {
			isa = XCBuildConfiguration;
			buildSettings = {
				ALWAYS_SEARCH_USER_PATHS = NO;
				ASSETCATALOG_COMPILER_GENERATE_SWIFT_ASSET_SYMBOL_EXTENSIONS = YES;
				CLANG_ANALYZER_NONNULL = YES;
				CLANG_ANALYZER_NUMBER_OBJECT_CONVERSION = YES_AGGRESSIVE;
				CLANG_CXX_LANGUAGE_STANDARD = "gnu++20";
				CLANG_ENABLE_MODULES = YES;
				CLANG_ENABLE_OBJC_ARC = YES;
				CLANG_ENABLE_OBJC_WEAK = YES;
				CLANG_WARN_BLOCK_CAPTURE_AUTORELEASING = YES;
				CLANG_WARN_BOOL_CONVERSION = YES;
				CLANG_WARN_COMMA = YES;
				CLANG_WARN_CONSTANT_CONVERSION = YES;
				CLANG_WARN_DEPRECATED_OBJC_IMPLEMENTATIONS = YES;
				CLANG_WARN_DIRECT_OBJC_ISA_USAGE = YES_ERROR;
				CLANG_WARN_DOCUMENTATION_COMMENTS = YES;
				CLANG_WARN_EMPTY_BODY = YES;
				CLANG_WARN_ENUM_CONVERSION = YES;
				CLANG_WARN_INFINITE_RECURSION = YES;
				CLANG_WARN_INT_CONVERSION = YES;
				CLANG_WARN_NON_LITERAL_NULL_CONVERSION = YES;
				CLANG_WARN_OBJC_IMPLICIT_RETAIN_SELF = YES;
				CLANG_WARN_OBJC_LITERAL_CONVERSION = YES;
				CLANG_WARN_OBJC_ROOT_CLASS = YES_ERROR;
				CLANG_WARN_QUOTED_INCLUDE_IN_FRAMEWORK_HEADER = YES;
				CLANG_WARN_RANGE_LOOP_ANALYSIS = YES;
				CLANG_WARN_STRICT_PROTOTYPES = YES;
				CLANG_WARN_SUSPICIOUS_MOVE = YES;
				CLANG_WARN_UNGUARDED_AVAILABILITY = YES_AGGRESSIVE;
				CLANG_WARN_UNREACHABLE_CODE = YES;
				CLANG_WARN__DUPLICATE_METHOD_MATCH = YES;
				COPY_PHASE_STRIP = NO;
				DEBUG_INFORMATION_FORMAT = dwarf;
				DEVELOPMENT_TEAM = LYXJC8MA7G;
				ENABLE_STRICT_OBJC_MSGSEND = YES;
				ENABLE_TESTABILITY = YES;
				ENABLE_USER_SCRIPT_SANDBOXING = YES;
				GCC_C_LANGUAGE_STANDARD = gnu17;
				GCC_DYNAMIC_NO_PIC = NO;
				GCC_NO_COMMON_BLOCKS = YES;
				GCC_OPTIMIZATION_LEVEL = 0;
				GCC_PREPROCESSOR_DEFINITIONS = (
					"DEBUG=1",
					"$(inherited)",
				);
				GCC_WARN_64_TO_32_BIT_CONVERSION = YES;
				GCC_WARN_ABOUT_RETURN_TYPE = YES_ERROR;
				GCC_WARN_UNDECLARED_SELECTOR = YES;
				GCC_WARN_UNINITIALIZED_AUTOS = YES_AGGRESSIVE;
				GCC_WARN_UNUSED_FUNCTION = YES;
				GCC_WARN_UNUSED_VARIABLE = YES;
				IPHONEOS_DEPLOYMENT_TARGET = 26.2;
				LOCALIZATION_PREFERS_STRING_CATALOGS = YES;
				MTL_ENABLE_DEBUG_INFO = INCLUDE_SOURCE;
				MTL_FAST_MATH = YES;
				ONLY_ACTIVE_ARCH = YES;
				SDKROOT = iphoneos;
				SWIFT_ACTIVE_COMPILATION_CONDITIONS = "DEBUG $(inherited)";
				SWIFT_OPTIMIZATION_LEVEL = "-Onone";
			};
			name = Debug;
		};
		3A1E75DF2F787EB500A2237A /* Release */ = {
			isa = XCBuildConfiguration;
			buildSettings = {
				ALWAYS_SEARCH_USER_PATHS = NO;
				ASSETCATALOG_COMPILER_GENERATE_SWIFT_ASSET_SYMBOL_EXTENSIONS = YES;
				CLANG_ANALYZER_NONNULL = YES;
				CLANG_ANALYZER_NUMBER_OBJECT_CONVERSION = YES_AGGRESSIVE;
				CLANG_CXX_LANGUAGE_STANDARD = "gnu++20";
				CLANG_ENABLE_MODULES = YES;
				CLANG_ENABLE_OBJC_ARC = YES;
				CLANG_ENABLE_OBJC_WEAK = YES;
				CLANG_WARN_BLOCK_CAPTURE_AUTORELEASING = YES;
				CLANG_WARN_BOOL_CONVERSION = YES;
				CLANG_WARN_COMMA = YES;
				CLANG_WARN_CONSTANT_CONVERSION = YES;
				CLANG_WARN_DEPRECATED_OBJC_IMPLEMENTATIONS = YES;
				CLANG_WARN_DIRECT_OBJC_ISA_USAGE = YES_ERROR;
				CLANG_WARN_DOCUMENTATION_COMMENTS = YES;
				CLANG_WARN_EMPTY_BODY = YES;
				CLANG_WARN_ENUM_CONVERSION = YES;
				CLANG_WARN_INFINITE_RECURSION = YES;
				CLANG_WARN_INT_CONVERSION = YES;
				CLANG_WARN_NON_LITERAL_NULL_CONVERSION = YES;
				CLANG_WARN_OBJC_IMPLICIT_RETAIN_SELF = YES;
				CLANG_WARN_OBJC_LITERAL_CONVERSION = YES;
				CLANG_WARN_OBJC_ROOT_CLASS = YES_ERROR;
				CLANG_WARN_QUOTED_INCLUDE_IN_FRAMEWORK_HEADER = YES;
				CLANG_WARN_RANGE_LOOP_ANALYSIS = YES;
				CLANG_WARN_STRICT_PROTOTYPES = YES;
				CLANG_WARN_SUSPICIOUS_MOVE = YES;
				CLANG_WARN_UNGUARDED_AVAILABILITY = YES_AGGRESSIVE;
				CLANG_WARN_UNREACHABLE_CODE = YES;
				CLANG_WARN__DUPLICATE_METHOD_MATCH = YES;
				COPY_PHASE_STRIP = NO;
				DEBUG_INFORMATION_FORMAT = "dwarf-with-dsym";
				DEVELOPMENT_TEAM = LYXJC8MA7G;
				ENABLE_NS_ASSERTIONS = NO;
				ENABLE_STRICT_OBJC_MSGSEND = YES;
				ENABLE_USER_SCRIPT_SANDBOXING = YES;
				GCC_C_LANGUAGE_STANDARD = gnu17;
				GCC_NO_COMMON_BLOCKS = YES;
				GCC_WARN_64_TO_32_BIT_CONVERSION = YES;
				GCC_WARN_ABOUT_RETURN_TYPE = YES_ERROR;
				GCC_WARN_UNDECLARED_SELECTOR = YES;
				GCC_WARN_UNINITIALIZED_AUTOS = YES_AGGRESSIVE;
				GCC_WARN_UNUSED_FUNCTION = YES;
				GCC_WARN_UNUSED_VARIABLE = YES;
				IPHONEOS_DEPLOYMENT_TARGET = 26.2;
				LOCALIZATION_PREFERS_STRING_CATALOGS = YES;
				MTL_ENABLE_DEBUG_INFO = NO;
				MTL_FAST_MATH = YES;
				SDKROOT = iphoneos;
				SWIFT_COMPILATION_MODE = wholemodule;
				VALIDATE_PRODUCT = YES;
			};
			name = Release;
		};
		3A1E75E12F787EB500A2237A /* Debug */ = {
			isa = XCBuildConfiguration;
			buildSettings = {
				ASSETCATALOG_COMPILER_APPICON_NAME = AppIcon;
				ASSETCATALOG_COMPILER_GLOBAL_ACCENT_COLOR_NAME = AccentColor;
				CODE_SIGN_STYLE = Automatic;
				CURRENT_PROJECT_VERSION = 1;
				DEVELOPMENT_TEAM = LYXJC8MA7G;
				ENABLE_PREVIEWS = YES;
				GENERATE_INFOPLIST_FILE = YES;
				INFOPLIST_FILE = PingIt/Info.plist;
				INFOPLIST_KEY_NSCameraUsageDescription = "PingIt needs camera access to take photos for your profile or pings.";
				INFOPLIST_KEY_NSLocationWhenInUseUsageDescription = "PingIt needs your location to show nearby pings and let you create pings on the map.";
				INFOPLIST_KEY_NSPhotoLibraryUsageDescription = "PingIt needs access to your photo library to attach photos to pings or set a profile picture.";
				INFOPLIST_KEY_UIApplicationSceneManifest_Generation = YES;
				INFOPLIST_KEY_UIApplicationSupportsIndirectInputEvents = YES;
				INFOPLIST_KEY_UILaunchStoryboardName = LaunchScreen;
				INFOPLIST_KEY_UISupportedInterfaceOrientations_iPad = "UIInterfaceOrientationPortrait UIInterfaceOrientationPortraitUpsideDown UIInterfaceOrientationLandscapeLeft UIInterfaceOrientationLandscapeRight";
				INFOPLIST_KEY_UISupportedInterfaceOrientations_iPhone = "UIInterfaceOrientationPortrait UIInterfaceOrientationLandscapeLeft UIInterfaceOrientationLandscapeRight";
				IPHONEOS_DEPLOYMENT_TARGET = 26.1;
				LD_RUNPATH_SEARCH_PATHS = (
					"$(inherited)",
					"@executable_path/Frameworks",
				);
				MARKETING_VERSION = 1.0;
				PRODUCT_BUNDLE_IDENTIFIER = com.PingIt;
				PRODUCT_NAME = "$(TARGET_NAME)";
				STRING_CATALOG_GENERATE_SYMBOLS = YES;
				SWIFT_APPROACHABLE_CONCURRENCY = YES;
				SWIFT_DEFAULT_ACTOR_ISOLATION = MainActor;
				SWIFT_EMIT_LOC_STRINGS = YES;
				SWIFT_UPCOMING_FEATURE_MEMBER_IMPORT_VISIBILITY = YES;
				SWIFT_VERSION = 5.0;
				TARGETED_DEVICE_FAMILY = "1,2";
			};
			name = Debug;
		};
		3A1E75E22F787EB500A2237A /* Release */ = {
			isa = XCBuildConfiguration;
			buildSettings = {
				ASSETCATALOG_COMPILER_APPICON_NAME = AppIcon;
				ASSETCATALOG_COMPILER_GLOBAL_ACCENT_COLOR_NAME = AccentColor;
				CODE_SIGN_STYLE = Automatic;
				CURRENT_PROJECT_VERSION = 1;
				DEVELOPMENT_TEAM = LYXJC8MA7G;
				ENABLE_PREVIEWS = YES;
				GENERATE_INFOPLIST_FILE = YES;
				INFOPLIST_FILE = PingIt/Info.plist;
				INFOPLIST_KEY_NSCameraUsageDescription = "PingIt needs camera access to take photos for your profile or pings.";
				INFOPLIST_KEY_NSLocationWhenInUseUsageDescription = "PingIt needs your location to show nearby pings and let you create pings on the map.";
				INFOPLIST_KEY_NSPhotoLibraryUsageDescription = "PingIt needs access to your photo library to attach photos to pings or set a profile picture.";
				INFOPLIST_KEY_UIApplicationSceneManifest_Generation = YES;
				INFOPLIST_KEY_UIApplicationSupportsIndirectInputEvents = YES;
				INFOPLIST_KEY_UILaunchStoryboardName = LaunchScreen;
				INFOPLIST_KEY_UISupportedInterfaceOrientations_iPad = "UIInterfaceOrientationPortrait UIInterfaceOrientationPortraitUpsideDown UIInterfaceOrientationLandscapeLeft UIInterfaceOrientationLandscapeRight";
				INFOPLIST_KEY_UISupportedInterfaceOrientations_iPhone = "UIInterfaceOrientationPortrait UIInterfaceOrientationLandscapeLeft UIInterfaceOrientationLandscapeRight";
				IPHONEOS_DEPLOYMENT_TARGET = 26.1;
				LD_RUNPATH_SEARCH_PATHS = (
					"$(inherited)",
					"@executable_path/Frameworks",
				);
				MARKETING_VERSION = 1.0;
				PRODUCT_BUNDLE_IDENTIFIER = com.PingIt;
				PRODUCT_NAME = "$(TARGET_NAME)";
				STRING_CATALOG_GENERATE_SYMBOLS = YES;
				SWIFT_APPROACHABLE_CONCURRENCY = YES;
				SWIFT_DEFAULT_ACTOR_ISOLATION = MainActor;
				SWIFT_EMIT_LOC_STRINGS = YES;
				SWIFT_UPCOMING_FEATURE_MEMBER_IMPORT_VISIBILITY = YES;
				SWIFT_VERSION = 5.0;
				TARGETED_DEVICE_FAMILY = "1,2";
			};
			name = Release;
		};
		3A1E75E42F787EB500A2237A /* Debug */ = {
			isa = XCBuildConfiguration;
			buildSettings = {
				BUNDLE_LOADER = "$(TEST_HOST)";
				CODE_SIGN_STYLE = Automatic;
				CURRENT_PROJECT_VERSION = 1;
				DEVELOPMENT_TEAM = LYXJC8MA7G;
				GENERATE_INFOPLIST_FILE = YES;
				IPHONEOS_DEPLOYMENT_TARGET = 26.2;
				MARKETING_VERSION = 1.0;
				PRODUCT_BUNDLE_IDENTIFIER = com.PingItTests;
				PRODUCT_NAME = "$(TARGET_NAME)";
				STRING_CATALOG_GENERATE_SYMBOLS = NO;
				SWIFT_APPROACHABLE_CONCURRENCY = YES;
				SWIFT_EMIT_LOC_STRINGS = NO;
				SWIFT_UPCOMING_FEATURE_MEMBER_IMPORT_VISIBILITY = YES;
				SWIFT_VERSION = 5.0;
				TARGETED_DEVICE_FAMILY = "1,2";
				TEST_HOST = "$(BUILT_PRODUCTS_DIR)/PingIt.app/$(BUNDLE_EXECUTABLE_FOLDER_PATH)/PingIt";
			};
			name = Debug;
		};
		3A1E75E52F787EB500A2237A /* Release */ = {
			isa = XCBuildConfiguration;
			buildSettings = {
				BUNDLE_LOADER = "$(TEST_HOST)";
				CODE_SIGN_STYLE = Automatic;
				CURRENT_PROJECT_VERSION = 1;
				DEVELOPMENT_TEAM = LYXJC8MA7G;
				GENERATE_INFOPLIST_FILE = YES;
				IPHONEOS_DEPLOYMENT_TARGET = 26.2;
				MARKETING_VERSION = 1.0;
				PRODUCT_BUNDLE_IDENTIFIER = com.PingItTests;
				PRODUCT_NAME = "$(TARGET_NAME)";
				STRING_CATALOG_GENERATE_SYMBOLS = NO;
				SWIFT_APPROACHABLE_CONCURRENCY = YES;
				SWIFT_EMIT_LOC_STRINGS = NO;
				SWIFT_UPCOMING_FEATURE_MEMBER_IMPORT_VISIBILITY = YES;
				SWIFT_VERSION = 5.0;
				TARGETED_DEVICE_FAMILY = "1,2";
				TEST_HOST = "$(BUILT_PRODUCTS_DIR)/PingIt.app/$(BUNDLE_EXECUTABLE_FOLDER_PATH)/PingIt";
			};
			name = Release;
		};
		3A1E75E72F787EB500A2237A /* Debug */ = {
			isa = XCBuildConfiguration;
			buildSettings = {
				CODE_SIGN_STYLE = Automatic;
				CURRENT_PROJECT_VERSION = 1;
				DEVELOPMENT_TEAM = LYXJC8MA7G;
				GENERATE_INFOPLIST_FILE = YES;
				MARKETING_VERSION = 1.0;
				PRODUCT_BUNDLE_IDENTIFIER = com.PingItUITests;
				PRODUCT_NAME = "$(TARGET_NAME)";
				STRING_CATALOG_GENERATE_SYMBOLS = NO;
				SWIFT_APPROACHABLE_CONCURRENCY = YES;
				SWIFT_EMIT_LOC_STRINGS = NO;
				SWIFT_UPCOMING_FEATURE_MEMBER_IMPORT_VISIBILITY = YES;
				SWIFT_VERSION = 5.0;
				TARGETED_DEVICE_FAMILY = "1,2";
				TEST_TARGET_NAME = PingIt;
			};
			name = Debug;
		};
		3A1E75E82F787EB500A2237A /* Release */ = {
			isa = XCBuildConfiguration;
			buildSettings = {
				CODE_SIGN_STYLE = Automatic;
				CURRENT_PROJECT_VERSION = 1;
				DEVELOPMENT_TEAM = LYXJC8MA7G;
				GENERATE_INFOPLIST_FILE = YES;
				MARKETING_VERSION = 1.0;
				PRODUCT_BUNDLE_IDENTIFIER = com.PingItUITests;
				PRODUCT_NAME = "$(TARGET_NAME)";
				STRING_CATALOG_GENERATE_SYMBOLS = NO;
				SWIFT_APPROACHABLE_CONCURRENCY = YES;
				SWIFT_EMIT_LOC_STRINGS = NO;
				SWIFT_UPCOMING_FEATURE_MEMBER_IMPORT_VISIBILITY = YES;
				SWIFT_VERSION = 5.0;
				TARGETED_DEVICE_FAMILY = "1,2";
				TEST_TARGET_NAME = PingIt;
			};
			name = Release;
		};
/* End XCBuildConfiguration section */

/* Begin XCConfigurationList section */
		3A1E75BA2F787EB400A2237A /* Build configuration list for PBXProject "PingIt" */ = {
			isa = XCConfigurationList;
			buildConfigurations = (
				3A1E75DE2F787EB500A2237A /* Debug */,
				3A1E75DF2F787EB500A2237A /* Release */,
			);
			defaultConfigurationIsVisible = 0;
			defaultConfigurationName = Release;
		};
		3A1E75E02F787EB500A2237A /* Build configuration list for PBXNativeTarget "PingIt" */ = {
			isa = XCConfigurationList;
			buildConfigurations = (
				3A1E75E12F787EB500A2237A /* Debug */,
				3A1E75E22F787EB500A2237A /* Release */,
			);
			defaultConfigurationIsVisible = 0;
			defaultConfigurationName = Release;
		};
		3A1E75E32F787EB500A2237A /* Build configuration list for PBXNativeTarget "PingItTests" */ = {
			isa = XCConfigurationList;
			buildConfigurations = (
				3A1E75E42F787EB500A2237A /* Debug */,
				3A1E75E52F787EB500A2237A /* Release */,
			);
			defaultConfigurationIsVisible = 0;
			defaultConfigurationName = Release;
		};
		3A1E75E62F787EB500A2237A /* Build configuration list for PBXNativeTarget "PingItUITests" */ = {
			isa = XCConfigurationList;
			buildConfigurations = (
				3A1E75E72F787EB500A2237A /* Debug */,
				3A1E75E82F787EB500A2237A /* Release */,
			);
			defaultConfigurationIsVisible = 0;
			defaultConfigurationName = Release;
		};
/* End XCConfigurationList section */

/* Begin XCRemoteSwiftPackageReference section */
		3AD97F342F78A0B600C56A39 /* XCRemoteSwiftPackageReference "firebase-ios-sdk" */ = {
			isa = XCRemoteSwiftPackageReference;
			repositoryURL = "https://github.com/firebase/firebase-ios-sdk";
			requirement = {
				kind = upToNextMajorVersion;
				minimumVersion = 12.11.0;
			};
		};
/* End XCRemoteSwiftPackageReference section */

/* Begin XCSwiftPackageProductDependency section */
		3AD4E86F2F8EE9C500BBD1D9 /* FirebaseDatabase */ = {
			isa = XCSwiftPackageProductDependency;
			package = 3AD97F342F78A0B600C56A39 /* XCRemoteSwiftPackageReference "firebase-ios-sdk" */;
			productName = FirebaseDatabase;
		};
		3AD97F352F78A0B600C56A39 /* FirebaseAuth */ = {
			isa = XCSwiftPackageProductDependency;
			package = 3AD97F342F78A0B600C56A39 /* XCRemoteSwiftPackageReference "firebase-ios-sdk" */;
			productName = FirebaseAuth;
		};
		3AD97F372F78A0B600C56A39 /* FirebaseFirestore */ = {
			isa = XCSwiftPackageProductDependency;
			package = 3AD97F342F78A0B600C56A39 /* XCRemoteSwiftPackageReference "firebase-ios-sdk" */;
			productName = FirebaseFirestore;
		};
		3AD97F392F78A0B600C56A39 /* FirebaseStorage */ = {
			isa = XCSwiftPackageProductDependency;
			package = 3AD97F342F78A0B600C56A39 /* XCRemoteSwiftPackageReference "firebase-ios-sdk" */;
			productName = FirebaseStorage;
		};
		3AE1F0002FA5A00000C56A39 /* FirebaseFunctions */ = {
			isa = XCSwiftPackageProductDependency;
			package = 3AD97F342F78A0B600C56A39 /* XCRemoteSwiftPackageReference "firebase-ios-sdk" */;
			productName = FirebaseFunctions;
		};
		3AE1F0022FA5A00000C56A39 /* FirebaseMessaging */ = {
			isa = XCSwiftPackageProductDependency;
			package = 3AD97F342F78A0B600C56A39 /* XCRemoteSwiftPackageReference "firebase-ios-sdk" */;
			productName = FirebaseMessaging;
		};
		3AF1A0032FAA000100D1E001 /* FirebaseAnalytics */ = {
			isa = XCSwiftPackageProductDependency;
			package = 3AD97F342F78A0B600C56A39 /* XCRemoteSwiftPackageReference "firebase-ios-sdk" */;
			productName = FirebaseAnalytics;
		};
		3AF1A0052FAA000100D1E001 /* FirebaseCrashlytics */ = {
			isa = XCSwiftPackageProductDependency;
			package = 3AD97F342F78A0B600C56A39 /* XCRemoteSwiftPackageReference "firebase-ios-sdk" */;
			productName = FirebaseCrashlytics;
		};
		3AF1A0072FAB000100D1E001 /* FirebasePerformance */ = {
			isa = XCSwiftPackageProductDependency;
			package = 3AD97F342F78A0B600C56A39 /* XCRemoteSwiftPackageReference "firebase-ios-sdk" */;
			productName = FirebasePerformance;
		};
/* End XCSwiftPackageProductDependency section */
	};
	rootObject = 3A1E75B72F787EB400A2237A /* Project object */;
}
